schema: '2.0'
stages:
  train:
    cmd: python src/stages/train.py
    deps:
    - path: src/data/splits/train.csv
      hash: md5
      md5: eec6cb9419dff536276f50f23802dba7
      size: 6332536
    - path: src/stages/train.py
      hash: md5
      md5: c8b824fb45ba5b2a9c9b6e9984b6eb9e
      size: 1091
    params:
      params.yaml:
        train.lr: 1
        train.max_depth: 4
        train.n_estimators: 150
        train.random_seed: 42
    outs:
    - path: src/model/train.pkl
      hash: md5
      md5: 51e51c6855821745f69afa9121af47aa
      size: 322062
  evaluate:
    cmd: python src/stages/evaluate.py
    deps:
    - path: src/data/splits/test.csv
      hash: md5
      md5: 41f402f6b290aacbe9ef8188a289aac7
      size: 1580773
    - path: src/model/train.pkl
      hash: md5
      md5: 51e51c6855821745f69afa9121af47aa
      size: 322062
    - path: src/stages/evaluate.py
      hash: md5
      md5: f8c3b0ab3c589a3ecbaf9ad141d3ed9c
      size: 1313
    params:
      params.yaml:
        test.random_seed: 42
    outs:
    - path: src/evaluation_artefacts/test.json
      hash: md5
      md5: b20069a027f1dc5113ae3591878e8675
      size: 32
  feature:
    cmd: python src/stages/featurize.py
    deps:
    - path: src/data/data_shelter.csv
      hash: md5
      md5: db4de1310aed36a44e50feb38dfcc705
      size: 12853677
    - path: src/stages/featurize.py
      hash: md5
      md5: 71a255818fd8d4ff6abe39b2bf6fcb49
      size: 1456
    params:
      params.yaml:
        feature.test_size: 0.2
    outs:
    - path: src/data/splits/test.csv
      hash: md5
      md5: 41f402f6b290aacbe9ef8188a289aac7
      size: 1580773
    - path: src/data/splits/train.csv
      hash: md5
      md5: eec6cb9419dff536276f50f23802dba7
      size: 6332536
