schema: '2.0'
stages:
  train:
    cmd: python src/stages/train.py
    deps:
    - path: src/data/splits/train.csv
      hash: md5
      md5: eec6cb9419dff536276f50f23802dba7
      size: 6332536
    - path: src/stages/train.py
      hash: md5
      md5: c8b824fb45ba5b2a9c9b6e9984b6eb9e
      size: 1091
    params:
      params.yaml:
        train.lr: 0.1
        train.max_depth: 3
        train.n_estimators: 100
        train.random_seed: 42
    outs:
    - path: src/model/train.pkl
      hash: md5
      md5: dd48e1997ed49593af12b7d04eac3b0e
      size: 123974
  evaluate:
    cmd: python src/stages/evaluate.py
    deps:
    - path: src/data/splits/test.csv
      hash: md5
      md5: 41f402f6b290aacbe9ef8188a289aac7
      size: 1580773
    - path: src/model/train.pkl
      hash: md5
      md5: dd48e1997ed49593af12b7d04eac3b0e
      size: 123974
    - path: src/stages/evaluate.py
      hash: md5
      md5: fd4eb570e9101d92b3f2c4586d303125
      size: 1897
    params:
      params.yaml:
        test.random_seed: 42
    outs:
    - path: src/evaluation_artefacts/conf.png
      hash: md5
      md5: c0920d1d7f2342880d81fcf88b42bbcd
      size: 20327
    - path: src/evaluation_artefacts/test.json
      hash: md5
      md5: d2404120a3b3256b947dc13dd70ccb97
      size: 31
  feature:
    cmd: python src/stages/featurize.py
    deps:
    - path: src/data/data_shelter.csv
      hash: md5
      md5: db4de1310aed36a44e50feb38dfcc705
      size: 12853677
    - path: src/stages/featurize.py
      hash: md5
      md5: 71a255818fd8d4ff6abe39b2bf6fcb49
      size: 1456
    params:
      params.yaml:
        feature.test_size: 0.2
    outs:
    - path: src/data/splits/test.csv
      hash: md5
      md5: 41f402f6b290aacbe9ef8188a289aac7
      size: 1580773
    - path: src/data/splits/train.csv
      hash: md5
      md5: eec6cb9419dff536276f50f23802dba7
      size: 6332536
